// !$*UTF8*$!
{
	archiveVersion = 1;
	classes = {
	};
	objectVersion = 50;
	objects = {

/* Begin PBXBuildFile section */
		3045A9FF23BE0FD0005E8214 /* AppDelegate.swift in Sources */ = {isa = PBXBuildFile; fileRef = 3045A9FE23BE0FD0005E8214 /* AppDelegate.swift */; };
		3045AA0123BE0FD0005E8214 /* SceneDelegate.swift in Sources */ = {isa = PBXBuildFile; fileRef = 3045AA0023BE0FD0005E8214 /* SceneDelegate.swift */; };
		3045AA0323BE0FD0005E8214 /* ContentView.swift in Sources */ = {isa = PBXBuildFile; fileRef = 3045AA0223BE0FD0005E8214 /* ContentView.swift */; };
		3045AA0523BE0FD1005E8214 /* Assets.xcassets in Resources */ = {isa = PBXBuildFile; fileRef = 3045AA0423BE0FD1005E8214 /* Assets.xcassets */; };
		3045AA0823BE0FD1005E8214 /* Preview Assets.xcassets in Resources */ = {isa = PBXBuildFile; fileRef = 3045AA0723BE0FD1005E8214 /* Preview Assets.xcassets */; };
		3045AA0B23BE0FD1005E8214 /* LaunchScreen.storyboard in Resources */ = {isa = PBXBuildFile; fileRef = 3045AA0923BE0FD1005E8214 /* LaunchScreen.storyboard */; };
		3045AA1623BE0FD1005E8214 /* GitHub_SwiftUITests.swift in Sources */ = {isa = PBXBuildFile; fileRef = 3045AA1523BE0FD1005E8214 /* GitHub_SwiftUITests.swift */; };
		3045AA2123BE0FD1005E8214 /* GitHub_SwiftUIUITests.swift in Sources */ = {isa = PBXBuildFile; fileRef = 3045AA2023BE0FD1005E8214 /* GitHub_SwiftUIUITests.swift */; };
/* End PBXBuildFile section */

/* Begin PBXContainerItemProxy section */
		3045AA1223BE0FD1005E8214 /* PBXContainerItemProxy */ = {
			isa = PBXContainerItemProxy;
			containerPortal = 3045A9F323BE0FD0005E8214 /* Project object */;
			proxyType = 1;
			remoteGlobalIDString = 3045A9FA23BE0FD0005E8214;
			remoteInfo = "GitHub-SwiftUI";
		};
		3045AA1D23BE0FD1005E8214 /* PBXContainerItemProxy */ = {
			isa = PBXContainerItemProxy;
			containerPortal = 3045A9F323BE0FD0005E8214 /* Project object */;
			proxyType = 1;
			remoteGlobalIDString = 3045A9FA23BE0FD0005E8214;
			remoteInfo = "GitHub-SwiftUI";
		};
/* End PBXContainerItemProxy section */

/* Begin PBXFileReference section */
		3045A9FB23BE0FD0005E8214 /* GitHub-SwiftUI.app */ = {isa = PBXFileReference; explicitFileType = wrapper.application; includeInIndex = 0; path = "GitHub-SwiftUI.app"; sourceTree = BUILT_PRODUCTS_DIR; };
		3045A9FE23BE0FD0005E8214 /* AppDelegate.swift */ = {isa = PBXFileReference; lastKnownFileType = sourcecode.swift; path = AppDelegate.swift; sourceTree = "<group>"; };
		3045AA0023BE0FD0005E8214 /* SceneDelegate.swift */ = {isa = PBXFileReference; lastKnownFileType = sourcecode.swift; path = SceneDelegate.swift; sourceTree = "<group>"; };
		3045AA0223BE0FD0005E8214 /* ContentView.swift */ = {isa = PBXFileReference; lastKnownFileType = sourcecode.swift; path = ContentView.swift; sourceTree = "<group>"; };
		3045AA0423BE0FD1005E8214 /* Assets.xcassets */ = {isa = PBXFileReference; lastKnownFileType = folder.assetcatalog; path = Assets.xcassets; sourceTree = "<group>"; };
		3045AA0723BE0FD1005E8214 /* Preview Assets.xcassets */ = {isa = PBXFileReference; lastKnownFileType = folder.assetcatalog; path = "Preview Assets.xcassets"; sourceTree = "<group>"; };
		3045AA0A23BE0FD1005E8214 /* Base */ = {isa = PBXFileReference; lastKnownFileType = file.storyboard; name = Base; path = Base.lproj/LaunchScreen.storyboard; sourceTree = "<group>"; };
		3045AA0C23BE0FD1005E8214 /* Info.plist */ = {isa = PBXFileReference; lastKnownFileType = text.plist.xml; path = Info.plist; sourceTree = "<group>"; };
		3045AA1123BE0FD1005E8214 /* GitHub-SwiftUITests.xctest */ = {isa = PBXFileReference; explicitFileType = wrapper.cfbundle; includeInIndex = 0; path = "GitHub-SwiftUITests.xctest"; sourceTree = BUILT_PRODUCTS_DIR; };
		3045AA1523BE0FD1005E8214 /* GitHub_SwiftUITests.swift */ = {isa = PBXFileReference; lastKnownFileType = sourcecode.swift; path = GitHub_SwiftUITests.swift; sourceTree = "<group>"; };
		3045AA1723BE0FD1005E8214 /* Info.plist */ = {isa = PBXFileReference; lastKnownFileType = text.plist.xml; path = Info.plist; sourceTree = "<group>"; };
		3045AA1C23BE0FD1005E8214 /* GitHub-SwiftUIUITests.xctest */ = {isa = PBXFileReference; explicitFileType = wrapper.cfbundle; includeInIndex = 0; path = "GitHub-SwiftUIUITests.xctest"; sourceTree = BUILT_PRODUCTS_DIR; };
		3045AA2023BE0FD1005E8214 /* GitHub_SwiftUIUITests.swift */ = {isa = PBXFileReference; lastKnownFileType = sourcecode.swift; path = GitHub_SwiftUIUITests.swift; sourceTree = "<group>"; };
		3045AA2223BE0FD1005E8214 /* Info.plist */ = {isa = PBXFileReference; lastKnownFileType = text.plist.xml; path = Info.plist; sourceTree = "<group>"; };
/* End PBXFileReference section */

/* Begin PBXFrameworksBuildPhase section */
		3045A9F823BE0FD0005E8214 /* Frameworks */ = {
			isa = PBXFrameworksBuildPhase;
			buildActionMask = 2147483647;
			files = (
			);
			runOnlyForDeploymentPostprocessing = 0;
		};
		3045AA0E23BE0FD1005E8214 /* Frameworks */ = {
			isa = PBXFrameworksBuildPhase;
			buildActionMask = 2147483647;
			files = (
			);
			runOnlyForDeploymentPostprocessing = 0;
		};
		3045AA1923BE0FD1005E8214 /* Frameworks */ = {
			isa = PBXFrameworksBuildPhase;
			buildActionMask = 2147483647;
			files = (
			);
			runOnlyForDeploymentPostprocessing = 0;
		};
/* End PBXFrameworksBuildPhase section */

/* Begin PBXGroup section */
		3045A9F223BE0FD0005E8214 = {
			isa = PBXGroup;
			children = (
				3045A9FD23BE0FD0005E8214 /* GitHub-SwiftUI */,
				3045AA1423BE0FD1005E8214 /* GitHub-SwiftUITests */,
				3045AA1F23BE0FD1005E8214 /* GitHub-SwiftUIUITests */,
				3045A9FC23BE0FD0005E8214 /* Products */,
			);
			sourceTree = "<group>";
		};
		3045A9FC23BE0FD0005E8214 /* Products */ = {
			isa = PBXGroup;
			children = (
				3045A9FB23BE0FD0005E8214 /* GitHub-SwiftUI.app */,
				3045AA1123BE0FD1005E8214 /* GitHub-SwiftUITests.xctest */,
				3045AA1C23BE0FD1005E8214 /* GitHub-SwiftUIUITests.xctest */,
			);
			name = Products;
			sourceTree = "<group>";
		};
		3045A9FD23BE0FD0005E8214 /* GitHub-SwiftUI */ = {
			isa = PBXGroup;
			children = (
				3045A9FE23BE0FD0005E8214 /* AppDelegate.swift */,
				3045AA0023BE0FD0005E8214 /* SceneDelegate.swift */,
				3045AA0223BE0FD0005E8214 /* ContentView.swift */,
				3045AA0423BE0FD1005E8214 /* Assets.xcassets */,
				3045AA0923BE0FD1005E8214 /* LaunchScreen.storyboard */,
				3045AA0C23BE0FD1005E8214 /* Info.plist */,
				3045AA0623BE0FD1005E8214 /* Preview Content */,
			);
			path = "GitHub-SwiftUI";
			sourceTree = "<group>";
		};
		3045AA0623BE0FD1005E8214 /* Preview Content */ = {
			isa = PBXGroup;
			children = (
				3045AA0723BE0FD1005E8214 /* Preview Assets.xcassets */,
			);
			path = "Preview Content";
			sourceTree = "<group>";
		};
		3045AA1423BE0FD1005E8214 /* GitHub-SwiftUITests */ = {
			isa = PBXGroup;
			children = (
				3045AA1523BE0FD1005E8214 /* GitHub_SwiftUITests.swift */,
				3045AA1723BE0FD1005E8214 /* Info.plist */,
			);
			path = "GitHub-SwiftUITests";
			sourceTree = "<group>";
		};
		3045AA1F23BE0FD1005E8214 /* GitHub-SwiftUIUITests */ = {
			isa = PBXGroup;
			children = (
				3045AA2023BE0FD1005E8214 /* GitHub_SwiftUIUITests.swift */,
				3045AA2223BE0FD1005E8214 /* Info.plist */,
			);
			path = "GitHub-SwiftUIUITests";
			sourceTree = "<group>";
		};
/* End PBXGroup section */

/* Begin PBXNativeTarget section */
		3045A9FA23BE0FD0005E8214 /* GitHub-SwiftUI */ = {
			isa = PBXNativeTarget;
			buildConfigurationList = 3045AA2523BE0FD1005E8214 /* Build configuration list for PBXNativeTarget "GitHub-SwiftUI" */;
			buildPhases = (
				3045A9F723BE0FD0005E8214 /* Sources */,
				3045A9F823BE0FD0005E8214 /* Frameworks */,
				3045A9F923BE0FD0005E8214 /* Resources */,
			);
			buildRules = (
			);
			dependencies = (
			);
			name = "GitHub-SwiftUI";
			productName = "GitHub-SwiftUI";
			productReference = 3045A9FB23BE0FD0005E8214 /* GitHub-SwiftUI.app */;
			productType = "com.apple.product-type.application";
		};
		3045AA1023BE0FD1005E8214 /* GitHub-SwiftUITests */ = {
			isa = PBXNativeTarget;
			buildConfigurationList = 3045AA2823BE0FD1005E8214 /* Build configuration list for PBXNativeTarget "GitHub-SwiftUITests" */;
			buildPhases = (
				3045AA0D23BE0FD1005E8214 /* Sources */,
				3045AA0E23BE0FD1005E8214 /* Frameworks */,
				3045AA0F23BE0FD1005E8214 /* Resources */,
			);
			buildRules = (
			);
			dependencies = (
				3045AA1323BE0FD1005E8214 /* PBXTargetDependency */,
			);
			name = "GitHub-SwiftUITests";
			productName = "GitHub-SwiftUITests";
			productReference = 3045AA1123BE0FD1005E8214 /* GitHub-SwiftUITests.xctest */;
			productType = "com.apple.product-type.bundle.unit-test";
		};
		3045AA1B23BE0FD1005E8214 /* GitHub-SwiftUIUITests */ = {
			isa = PBXNativeTarget;
			buildConfigurationList = 3045AA2B23BE0FD1005E8214 /* Build configuration list for PBXNativeTarget "GitHub-SwiftUIUITests" */;
			buildPhases = (
				3045AA1823BE0FD1005E8214 /* Sources */,
				3045AA1923BE0FD1005E8214 /* Frameworks */,
				3045AA1A23BE0FD1005E8214 /* Resources */,
			);
			buildRules = (
			);
			dependencies = (
				3045AA1E23BE0FD1005E8214 /* PBXTargetDependency */,
			);
			name = "GitHub-SwiftUIUITests";
			productName = "GitHub-SwiftUIUITests";
			productReference = 3045AA1C23BE0FD1005E8214 /* GitHub-SwiftUIUITests.xctest */;
			productType = "com.apple.product-type.bundle.ui-testing";
		};
/* End PBXNativeTarget section */

/* Begin PBXProject section */
		3045A9F323BE0FD0005E8214 /* Project object */ = {
			isa = PBXProject;
			attributes = {
				LastSwiftUpdateCheck = 1130;
				LastUpgradeCheck = 1130;
				ORGANIZATIONNAME = APPIWEDIA;
				TargetAttributes = {
					3045A9FA23BE0FD0005E8214 = {
						CreatedOnToolsVersion = 11.3;
					};
					3045AA1023BE0FD1005E8214 = {
						CreatedOnToolsVersion = 11.3;
						TestTargetID = 3045A9FA23BE0FD0005E8214;
					};
					3045AA1B23BE0FD1005E8214 = {
						CreatedOnToolsVersion = 11.3;
						TestTargetID = 3045A9FA23BE0FD0005E8214;
					};
				};
			};
			buildConfigurationList = 3045A9F623BE0FD0005E8214 /* Build configuration list for PBXProject "GitHub-SwiftUI" */;
			compatibilityVersion = "Xcode 9.3";
			developmentRegion = en;
			hasScannedForEncodings = 0;
			knownRegions = (
				en,
				Base,
			);
			mainGroup = 3045A9F223BE0FD0005E8214;
			productRefGroup = 3045A9FC23BE0FD0005E8214 /* Products */;
			projectDirPath = "";
			projectRoot = "";
			targets = (
				3045A9FA23BE0FD0005E8214 /* GitHub-SwiftUI */,
				3045AA1023BE0FD1005E8214 /* GitHub-SwiftUITests */,
				3045AA1B23BE0FD1005E8214 /* GitHub-SwiftUIUITests */,
			);
		};
/* End PBXProject section */

/* Begin PBXResourcesBuildPhase section */
		3045A9F923BE0FD0005E8214 /* Resources */ = {
			isa = PBXResourcesBuildPhase;
			buildActionMask = 2147483647;
			files = (
				3045AA0B23BE0FD1005E8214 /* LaunchScreen.storyboard in Resources */,
				3045AA0823BE0FD1005E8214 /* Preview Assets.xcassets in Resources */,
				3045AA0523BE0FD1005E8214 /* Assets.xcassets in Resources */,
			);
			runOnlyForDeploymentPostprocessing = 0;
		};
		3045AA0F23BE0FD1005E8214 /* Resources */ = {
			isa = PBXResourcesBuildPhase;
			buildActionMask = 2147483647;
			files = (
			);
			runOnlyForDeploymentPostprocessing = 0;
		};
		3045AA1A23BE0FD1005E8214 /* Resources */ = {
			isa = PBXResourcesBuildPhase;
			buildActionMask = 2147483647;
			files = (
			);
			runOnlyForDeploymentPostprocessing = 0;
		};
/* End PBXResourcesBuildPhase section */

/* Begin PBXSourcesBuildPhase section */
		3045A9F723BE0FD0005E8214 /* Sources */ = {
			isa = PBXSourcesBuildPhase;
			buildActionMask = 2147483647;
			files = (
				3045A9FF23BE0FD0005E8214 /* AppDelegate.swift in Sources */,
				3045AA0123BE0FD0005E8214 /* SceneDelegate.swift in Sources */,
				3045AA0323BE0FD0005E8214 /* ContentView.swift in Sources */,
			);
			runOnlyForDeploymentPostprocessing = 0;
		};
		3045AA0D23BE0FD1005E8214 /* Sources */ = {
			isa = PBXSourcesBuildPhase;
			buildActionMask = 2147483647;
			files = (
				3045AA1623BE0FD1005E8214 /* GitHub_SwiftUITests.swift in Sources */,
			);
			runOnlyForDeploymentPostprocessing = 0;
		};
		3045AA1823BE0FD1005E8214 /* Sources */ = {
			isa = PBXSourcesBuildPhase;
			buildActionMask = 2147483647;
			files = (
				3045AA2123BE0FD1005E8214 /* GitHub_SwiftUIUITests.swift in Sources */,
			);
			runOnlyForDeploymentPostprocessing = 0;
		};
/* End PBXSourcesBuildPhase section */

/* Begin PBXTargetDependency section */
		3045AA1323BE0FD1005E8214 /* PBXTargetDependency */ = {
			isa = PBXTargetDependency;
			target = 3045A9FA23BE0FD0005E8214 /* GitHub-SwiftUI */;
			targetProxy = 3045AA1223BE0FD1005E8214 /* PBXContainerItemProxy */;
		};
		3045AA1E23BE0FD1005E8214 /* PBXTargetDependency */ = {
			isa = PBXTargetDependency;
			target = 3045A9FA23BE0FD0005E8214 /* GitHub-SwiftUI */;
			targetProxy = 3045AA1D23BE0FD1005E8214 /* PBXContainerItemProxy */;
		};
/* End PBXTargetDependency section */

/* Begin PBXVariantGroup section */
		3045AA0923BE0FD1005E8214 /* LaunchScreen.storyboard */ = {
			isa = PBXVariantGroup;
			children = (
				3045AA0A23BE0FD1005E8214 /* Base */,
			);
			name = LaunchScreen.storyboard;
			sourceTree = "<group>";
		};
/* End PBXVariantGroup section */

/* Begin XCBuildConfiguration section */
		3045AA2323BE0FD1005E8214 /* Debug */ = {
			isa = XCBuildConfiguration;
			buildSettings = {
				ALWAYS_SEARCH_USER_PATHS = NO;
				CLANG_ANALYZER_NONNULL = YES;
				CLANG_ANALYZER_NUMBER_OBJECT_CONVERSION = YES_AGGRESSIVE;
				CLANG_CXX_LANGUAGE_STANDARD = "gnu++14";
				CLANG_CXX_LIBRARY = "libc++";
				CLANG_ENABLE_MODULES = YES;
				CLANG_ENABLE_OBJC_ARC = YES;
				CLANG_ENABLE_OBJC_WEAK = YES;
				CLANG_WARN_BLOCK_CAPTURE_AUTORELEASING = YES;
				CLANG_WARN_BOOL_CONVERSION = YES;
				CLANG_WARN_COMMA = YES;
				CLANG_WARN_CONSTANT_CONVERSION = YES;
				CLANG_WARN_DEPRECATED_OBJC_IMPLEMENTATIONS = YES;
				CLANG_WARN_DIRECT_OBJC_ISA_USAGE = YES_ERROR;
				CLANG_WARN_DOCUMENTATION_COMMENTS = YES;
				CLANG_WARN_EMPTY_BODY = YES;
				CLANG_WARN_ENUM_CONVERSION = YES;
				CLANG_WARN_INFINITE_RECURSION = YES;
				CLANG_WARN_INT_CONVERSION = YES;
				CLANG_WARN_NON_LITERAL_NULL_CONVERSION = YES;
				CLANG_WARN_OBJC_IMPLICIT_RETAIN_SELF = YES;
				CLANG_WARN_OBJC_LITERAL_CONVERSION = YES;
				CLANG_WARN_OBJC_ROOT_CLASS = YES_ERROR;
				CLANG_WARN_RANGE_LOOP_ANALYSIS = YES;
				CLANG_WARN_STRICT_PROTOTYPES = YES;
				CLANG_WARN_SUSPICIOUS_MOVE = YES;
				CLANG_WARN_UNGUARDED_AVAILABILITY = YES_AGGRESSIVE;
				CLANG_WARN_UNREACHABLE_CODE = YES;
				CLANG_WARN__DUPLICATE_METHOD_MATCH = YES;
				COPY_PHASE_STRIP = NO;
				DEBUG_INFORMATION_FORMAT = dwarf;
				ENABLE_STRICT_OBJC_MSGSEND = YES;
				ENABLE_TESTABILITY = YES;
				GCC_C_LANGUAGE_STANDARD = gnu11;
				GCC_DYNAMIC_NO_PIC = NO;
				GCC_NO_COMMON_BLOCKS = YES;
				GCC_OPTIMIZATION_LEVEL = 0;
				GCC_PREPROCESSOR_DEFINITIONS = (
					"DEBUG=1",
					"$(inherited)",
				);
				GCC_WARN_64_TO_32_BIT_CONVERSION = YES;
				GCC_WARN_ABOUT_RETURN_TYPE = YES_ERROR;
				GCC_WARN_UNDECLARED_SELECTOR = YES;
				GCC_WARN_UNINITIALIZED_AUTOS = YES_AGGRESSIVE;
				GCC_WARN_UNUSED_FUNCTION = YES;
				GCC_WARN_UNUSED_VARIABLE = YES;
				IPHONEOS_DEPLOYMENT_TARGET = 13.2;
				MTL_ENABLE_DEBUG_INFO = INCLUDE_SOURCE;
				MTL_FAST_MATH = YES;
				ONLY_ACTIVE_ARCH = YES;
				SDKROOT = iphoneos;
				SWIFT_ACTIVE_COMPILATION_CONDITIONS = DEBUG;
				SWIFT_OPTIMIZATION_LEVEL = "-Onone";
			};
			name = Debug;
		};
		3045AA2423BE0FD1005E8214 /* Release */ = {
			isa = XCBuildConfiguration;
			buildSettings = {
				ALWAYS_SEARCH_USER_PATHS = NO;
				CLANG_ANALYZER_NONNULL = YES;
				CLANG_ANALYZER_NUMBER_OBJECT_CONVERSION = YES_AGGRESSIVE;
				CLANG_CXX_LANGUAGE_STANDARD = "gnu++14";
				CLANG_CXX_LIBRARY = "libc++";
				CLANG_ENABLE_MODULES = YES;
				CLANG_ENABLE_OBJC_ARC = YES;
				CLANG_ENABLE_OBJC_WEAK = YES;
				CLANG_WARN_BLOCK_CAPTURE_AUTORELEASING = YES;
				CLANG_WARN_BOOL_CONVERSION = YES;
				CLANG_WARN_COMMA = YES;
				CLANG_WARN_CONSTANT_CONVERSION = YES;
				CLANG_WARN_DEPRECATED_OBJC_IMPLEMENTATIONS = YES;
				CLANG_WARN_DIRECT_OBJC_ISA_USAGE = YES_ERROR;
				CLANG_WARN_DOCUMENTATION_COMMENTS = YES;
				CLANG_WARN_EMPTY_BODY = YES;
				CLANG_WARN_ENUM_CONVERSION = YES;
				CLANG_WARN_INFINITE_RECURSION = YES;
				CLANG_WARN_INT_CONVERSION = YES;
				CLANG_WARN_NON_LITERAL_NULL_CONVERSION = YES;
				CLANG_WARN_OBJC_IMPLICIT_RETAIN_SELF = YES;
				CLANG_WARN_OBJC_LITERAL_CONVERSION = YES;
				CLANG_WARN_OBJC_ROOT_CLASS = YES_ERROR;
				CLANG_WARN_RANGE_LOOP_ANALYSIS = YES;
				CLANG_WARN_STRICT_PROTOTYPES = YES;
				CLANG_WARN_SUSPICIOUS_MOVE = YES;
				CLANG_WARN_UNGUARDED_AVAILABILITY = YES_AGGRESSIVE;
				CLANG_WARN_UNREACHABLE_CODE = YES;
				CLANG_WARN__DUPLICATE_METHOD_MATCH = YES;
				COPY_PHASE_STRIP = NO;
				DEBUG_INFORMATION_FORMAT = "dwarf-with-dsym";
				ENABLE_NS_ASSERTIONS = NO;
				ENABLE_STRICT_OBJC_MSGSEND = YES;
				GCC_C_LANGUAGE_STANDARD = gnu11;
				GCC_NO_COMMON_BLOCKS = YES;
				GCC_WARN_64_TO_32_BIT_CONVERSION = YES;
				GCC_WARN_ABOUT_RETURN_TYPE = YES_ERROR;
				GCC_WARN_UNDECLARED_SELECTOR = YES;
				GCC_WARN_UNINITIALIZED_AUTOS = YES_AGGRESSIVE;
				GCC_WARN_UNUSED_FUNCTION = YES;
				GCC_WARN_UNUSED_VARIABLE = YES;
				IPHONEOS_DEPLOYMENT_TARGET = 13.2;
				MTL_ENABLE_DEBUG_INFO = NO;
				MTL_FAST_MATH = YES;
				SDKROOT = iphoneos;
				SWIFT_COMPILATION_MODE = wholemodule;
				SWIFT_OPTIMIZATION_LEVEL = "-O";
				VALIDATE_PRODUCT = YES;
			};
			name = Release;
		};
		3045AA2623BE0FD1005E8214 /* Debug */ = {
			isa = XCBuildConfiguration;
			buildSettings = {
				ASSETCATALOG_COMPILER_APPICON_NAME = AppIcon;
				CODE_SIGN_STYLE = Automatic;
				DEVELOPMENT_ASSET_PATHS = "\"GitHub-SwiftUI/Preview Content\"";
				DEVELOPMENT_TEAM = 7AZ93CK4F6;
				ENABLE_PREVIEWS = YES;
				INFOPLIST_FILE = "GitHub-SwiftUI/Info.plist";
				LD_RUNPATH_SEARCH_PATHS = (
					"$(inherited)",
					"@executable_path/Frameworks",
				);
				PRODUCT_BUNDLE_IDENTIFIER = "com.appiwedia.ios.GitHub-SwiftUI";
				PRODUCT_NAME = "$(TARGET_NAME)";
				SWIFT_VERSION = 5.0;
				TARGETED_DEVICE_FAMILY = "1,2";
			};
			name = Debug;
		};
		3045AA2723BE0FD1005E8214 /* Release */ = {
			isa = XCBuildConfiguration;
			buildSettings = {
				ASSETCATALOG_COMPILER_APPICON_NAME = AppIcon;
				CODE_SIGN_STYLE = Automatic;
				DEVELOPMENT_ASSET_PATHS = "\"GitHub-SwiftUI/Preview Content\"";
				DEVELOPMENT_TEAM = 7AZ93CK4F6;
				ENABLE_PREVIEWS = YES;
				INFOPLIST_FILE = "GitHub-SwiftUI/Info.plist";
				LD_RUNPATH_SEARCH_PATHS = (
					"$(inherited)",
					"@executable_path/Frameworks",
				);
				PRODUCT_BUNDLE_IDENTIFIER = "com.appiwedia.ios.GitHub-SwiftUI";
				PRODUCT_NAME = "$(TARGET_NAME)";
				SWIFT_VERSION = 5.0;
				TARGETED_DEVICE_FAMILY = "1,2";
			};
			name = Release;
		};
		3045AA2923BE0FD1005E8214 /* Debug */ = {
			isa = XCBuildConfiguration;
			buildSettings = {
				ALWAYS_EMBED_SWIFT_STANDARD_LIBRARIES = YES;
				BUNDLE_LOADER = "$(TEST_HOST)";
				CODE_SIGN_STYLE = Automatic;
				DEVELOPMENT_TEAM = 7AZ93CK4F6;
				INFOPLIST_FILE = "GitHub-SwiftUITests/Info.plist";
				IPHONEOS_DEPLOYMENT_TARGET = 13.2;
				LD_RUNPATH_SEARCH_PATHS = (
					"$(inherited)",
					"@executable_path/Frameworks",
					"@loader_path/Frameworks",
				);
				PRODUCT_BUNDLE_IDENTIFIER = "com.appiwedia.ios.GitHub-SwiftUITests";
				PRODUCT_NAME = "$(TARGET_NAME)";
				SWIFT_VERSION = 5.0;
				TARGETED_DEVICE_FAMILY = "1,2";
				TEST_HOST = "$(BUILT_PRODUCTS_DIR)/GitHub-SwiftUI.app/GitHub-SwiftUI";
			};
			name = Debug;
		};
		3045AA2A23BE0FD1005E8214 /* Release */ = {
			isa = XCBuildConfiguration;
			buildSettings = {
				ALWAYS_EMBED_SWIFT_STANDARD_LIBRARIES = YES;
				BUNDLE_LOADER = "$(TEST_HOST)";
				CODE_SIGN_STYLE = Automatic;
				DEVELOPMENT_TEAM = 7AZ93CK4F6;
				INFOPLIST_FILE = "GitHub-SwiftUITests/Info.plist";
				IPHONEOS_DEPLOYMENT_TARGET = 13.2;
				LD_RUNPATH_SEARCH_PATHS = (
					"$(inherited)",
					"@executable_path/Frameworks",
					"@loader_path/Frameworks",
				);
				PRODUCT_BUNDLE_IDENTIFIER = "com.appiwedia.ios.GitHub-SwiftUITests";
				PRODUCT_NAME = "$(TARGET_NAME)";
				SWIFT_VERSION = 5.0;
				TARGETED_DEVICE_FAMILY = "1,2";
				TEST_HOST = "$(BUILT_PRODUCTS_DIR)/GitHub-SwiftUI.app/GitHub-SwiftUI";
			};
			name = Release;
		};
		3045AA2C23BE0FD1005E8214 /* Debug */ = {
			isa = XCBuildConfiguration;
			buildSettings = {
				ALWAYS_EMBED_SWIFT_STANDARD_LIBRARIES = YES;
				CODE_SIGN_STYLE = Automatic;
				DEVELOPMENT_TEAM = 7AZ93CK4F6;
				INFOPLIST_FILE = "GitHub-SwiftUIUITests/Info.plist";
				LD_RUNPATH_SEARCH_PATHS = (
					"$(inherited)",
					"@executable_path/Frameworks",
					"@loader_path/Frameworks",
				);
				PRODUCT_BUNDLE_IDENTIFIER = "com.appiwedia.ios.GitHub-SwiftUIUITests";
				PRODUCT_NAME = "$(TARGET_NAME)";
				SWIFT_VERSION = 5.0;
				TARGETED_DEVICE_FAMILY = "1,2";
				TEST_TARGET_NAME = "GitHub-SwiftUI";
			};
			name = Debug;
		};
		3045AA2D23BE0FD1005E8214 /* Release */ = {
			isa = XCBuildConfiguration;
			buildSettings = {
				ALWAYS_EMBED_SWIFT_STANDARD_LIBRARIES = YES;
				CODE_SIGN_STYLE = Automatic;
				DEVELOPMENT_TEAM = 7AZ93CK4F6;
				INFOPLIST_FILE = "GitHub-SwiftUIUITests/Info.plist";
				LD_RUNPATH_SEARCH_PATHS = (
					"$(inherited)",
					"@executable_path/Frameworks",
					"@loader_path/Frameworks",
				);
				PRODUCT_BUNDLE_IDENTIFIER = "com.appiwedia.ios.GitHub-SwiftUIUITests";
				PRODUCT_NAME = "$(TARGET_NAME)";
				SWIFT_VERSION = 5.0;
				TARGETED_DEVICE_FAMILY = "1,2";
				TEST_TARGET_NAME = "GitHub-SwiftUI";
			};
			name = Release;
		};
/* End XCBuildConfiguration section */

/* Begin XCConfigurationList section */
		3045A9F623BE0FD0005E8214 /* Build configuration list for PBXProject "GitHub-SwiftUI" */ = {
			isa = XCConfigurationList;
			buildConfigurations = (
				3045AA2323BE0FD1005E8214 /* Debug */,
				3045AA2423BE0FD1005E8214 /* Release */,
			);
			defaultConfigurationIsVisible = 0;
			defaultConfigurationName = Release;
		};
		3045AA2523BE0FD1005E8214 /* Build configuration list for PBXNativeTarget "GitHub-SwiftUI" */ = {
			isa = XCConfigurationList;
			buildConfigurations = (
				3045AA2623BE0FD1005E8214 /* Debug */,
				3045AA2723BE0FD1005E8214 /* Release */,
			);
			defaultConfigurationIsVisible = 0;
			defaultConfigurationName = Release;
		};
		3045AA2823BE0FD1005E8214 /* Build configuration list for PBXNativeTarget "GitHub-SwiftUITests" */ = {
			isa = XCConfigurationList;
			buildConfigurations = (
				3045AA2923BE0FD1005E8214 /* Debug */,
				3045AA2A23BE0FD1005E8214 /* Release */,
			);
			defaultConfigurationIsVisible = 0;
			defaultConfigurationName = Release;
		};
		3045AA2B23BE0FD1005E8214 /* Build configuration list for PBXNativeTarget "GitHub-SwiftUIUITests" */ = {
			isa = XCConfigurationList;
			buildConfigurations = (
				3045AA2C23BE0FD1005E8214 /* Debug */,
				3045AA2D23BE0FD1005E8214 /* Release */,
			);
			defaultConfigurationIsVisible = 0;
			defaultConfigurationName = Release;
		};
/* End XCConfigurationList section */
	};
	rootObject = 3045A9F323BE0FD0005E8214 /* Project object */;
}
